# THIS IS AN AUTOGENERATED FILE. DO NOT EDIT THIS FILE DIRECTLY.
# yarn lockfile v1


"@miniprogram-component-plus/emoji@^1.0.1":
  version "1.0.1"
  resolved "https://registry.npm.taobao.org/@miniprogram-component-plus/emoji/download/@miniprogram-component-plus/emoji-1.0.1.tgz#aeafb80ab20c358a1aedf4cf90729a8f47619f0d"
  integrity sha1-rq+4CrIMNYoa7fTPkHKaj0dhnw0=
